
Microsoft Visual Studio Solution File, Format Version 12.00
# Visual Studio 15
VisualStudioVersion = 15.0.26124.0
MinimumVisualStudioVersion = 15.0.26124.0
Project("{FAE04EC0-301F-11D3-BF4B-00C04F79EFBC}") = "Atlantis.Rabbit", "Atlantis.Rabbit\Atlantis.Rabbit.csproj", "{DDFF2E9C-BBF8-4EA0-B74B-2375ACDA2FBD}"
EndProject
Project("{FAE04EC0-301F-11D3-BF4B-00C04F79EFBC}") = "Atlantis.Rabbit.Server", "Atlantis.Rabbit.Server\Atlantis.Rabbit.Server.csproj", "{1765B0FE-DD66-4BDC-998F-682881EE36D2}"
EndProject
Global
	GlobalSection(SolutionConfigurationPlatforms) = preSolution
		Debug|Any CPU = Debug|Any CPU
		Debug|x64 = Debug|x64
		Debug|x86 = Debug|x86
		Release|Any CPU = Release|Any CPU
		Release|x64 = Release|x64
		Release|x86 = Release|x86
	EndGlobalSection
	GlobalSection(SolutionProperties) = preSolution
		HideSolutionNode = FALSE
	EndGlobalSection
	GlobalSection(ProjectConfigurationPlatforms) = postSolution
		{DDFF2E9C-BBF8-4EA0-B74B-2375ACDA2FBD}.Debug|Any CPU.ActiveCfg = Debug|Any CPU
		{DDFF2E9C-BBF8-4EA0-B74B-2375ACDA2FBD}.Debug|Any CPU.Build.0 = Debug|Any CPU
		{DDFF2E9C-BBF8-4EA0-B74B-2375ACDA2FBD}.Debug|x64.ActiveCfg = Debug|Any CPU
		{DDFF2E9C-BBF8-4EA0-B74B-2375ACDA2FBD}.Debug|x64.Build.0 = Debug|Any CPU
		{DDFF2E9C-BBF8-4EA0-B74B-2375ACDA2FBD}.Debug|x86.ActiveCfg = Debug|Any CPU
		{DDFF2E9C-BBF8-4EA0-B74B-2375ACDA2FBD}.Debug|x86.Build.0 = Debug|Any CPU
		{DDFF2E9C-BBF8-4EA0-B74B-2375ACDA2FBD}.Release|Any CPU.ActiveCfg = Release|Any CPU
		{DDFF2E9C-BBF8-4EA0-B74B-2375ACDA2FBD}.Release|Any CPU.Build.0 = Release|Any CPU
		{DDFF2E9C-BBF8-4EA0-B74B-2375ACDA2FBD}.Release|x64.ActiveCfg = Release|Any CPU
		{DDFF2E9C-BBF8-4EA0-B74B-2375ACDA2FBD}.Release|x64.Build.0 = Release|Any CPU
		{DDFF2E9C-BBF8-4EA0-B74B-2375ACDA2FBD}.Release|x86.ActiveCfg = Release|Any CPU
		{DDFF2E9C-BBF8-4EA0-B74B-2375ACDA2FBD}.Release|x86.Build.0 = Release|Any CPU
		{1765B0FE-DD66-4BDC-998F-682881EE36D2}.Debug|Any CPU.ActiveCfg = Debug|Any CPU
		{1765B0FE-DD66-4BDC-998F-682881EE36D2}.Debug|Any CPU.Build.0 = Debug|Any CPU
		{1765B0FE-DD66-4BDC-998F-682881EE36D2}.Debug|x64.ActiveCfg = Debug|Any CPU
		{1765B0FE-DD66-4BDC-998F-682881EE36D2}.Debug|x64.Build.0 = Debug|Any CPU
		{1765B0FE-DD66-4BDC-998F-682881EE36D2}.Debug|x86.ActiveCfg = Debug|Any CPU
		{1765B0FE-DD66-4BDC-998F-682881EE36D2}.Debug|x86.Build.0 = Debug|Any CPU
		{1765B0FE-DD66-4BDC-998F-682881EE36D2}.Release|Any CPU.ActiveCfg = Release|Any CPU
		{1765B0FE-DD66-4BDC-998F-682881EE36D2}.Release|Any CPU.Build.0 = Release|Any CPU
		{1765B0FE-DD66-4BDC-998F-682881EE36D2}.Release|x64.ActiveCfg = Release|Any CPU
		{1765B0FE-DD66-4BDC-998F-682881EE36D2}.Release|x64.Build.0 = Release|Any CPU
		{1765B0FE-DD66-4BDC-998F-682881EE36D2}.Release|x86.ActiveCfg = Release|Any CPU
		{1765B0FE-DD66-4BDC-998F-682881EE36D2}.Release|x86.Build.0 = Release|Any CPU
	EndGlobalSection
EndGlobal
